<?xml version="1.0" encoding="utf-8"?>
<Project ToolsVersion="4.0" xmlns="http://schemas.microsoft.com/developer/msbuild/2003">
  <ItemGroup>
    <ClCompile Include="Camera.cpp" />
    <ClCompile Include="Main.cpp" />
    <ClCompile Include="objloader.cpp" />
    <ClCompile Include="Shader.cpp" />
    <ClCompile Include="stdafx.cpp" />
    <ClCompile Include="WorldAxes.cpp" />
  </ItemGroup>
  <ItemGroup>
    <ClInclude Include="Camera.h" />
    <ClInclude Include="objloader.hpp" />
    <ClInclude Include="Shader.h" />
    <ClInclude Include="stdafx.h" />
    <ClInclude Include="targetver.h" />
    <ClInclude Include="WorldAxes.h" />
  </ItemGroup>
  <ItemGroup>
    <None Include="..\..\vertex.shader">
      <Filter>Shaders</Filter>
    </None>
    <None Include="..\..\fragment.shader">
      <Filter>Shaders</Filter>
    </None>
    <None Include="shaders\terrain.vert">
      <Filter>Shaders</Filter>
    </None>
    <None Include="shaders\terrain.frag">
      <Filter>Shaders</Filter>
    </None>
    <None Include="shaders\axis.vert">
      <Filter>Shaders</Filter>
    </None>
    <None Include="shaders\axis.frag">
      <Filter>Shaders</Filter>
    </None>
  </ItemGroup>
  <ItemGroup>
    <Filter Include="Shaders">
      <UniqueIdentifier>{7f9928ad-5fdc-46ec-a43a-111f098f1787}</UniqueIdentifier>
    </Filter>
  </ItemGroup>
</Project>